
Microsoft Visual Studio Solution File, Format Version 12.00
# Visual Studio Version 16
VisualStudioVersion = 16.0.31729.503
MinimumVisualStudioVersion = 10.0.40219.1
Project("{FAE04EC0-301F-11D3-BF4B-00C04F79EFBC}") = "MovieList.pk.Database", "MovieList.pk.Database\MovieList.pk.Database.csproj", "{9A1CFFE5-3E9C-4908-8259-8468E1905160}"
EndProject
Project("{FAE04EC0-301F-11D3-BF4B-00C04F79EFBC}") = "MovieList.pk.Entities", "MovieList.pk.Entities\MovieList.pk.Entities.csproj", "{555BAA76-571A-4DC3-B228-B955CA9542F9}"
EndProject
Project("{FAE04EC0-301F-11D3-BF4B-00C04F79EFBC}") = "MovieList.pk.Services", "MovieList.pk.Services\MovieList.pk.Services.csproj", "{013C2B9C-CDAC-4E5D-98E4-B8174FEEEBAD}"
EndProject
Project("{FAE04EC0-301F-11D3-BF4B-00C04F79EFBC}") = "MovieList.ws.webApi", "MovieList.ws.webApi\MovieList.ws.webApi.csproj", "{D128E843-F7BF-4664-9316-C57C48154A7C}"
EndProject
Global
	GlobalSection(SolutionConfigurationPlatforms) = preSolution
		Debug|Any CPU = Debug|Any CPU
		Release|Any CPU = Release|Any CPU
	EndGlobalSection
	GlobalSection(ProjectConfigurationPlatforms) = postSolution
		{9A1CFFE5-3E9C-4908-8259-8468E1905160}.Debug|Any CPU.ActiveCfg = Debug|Any CPU
		{9A1CFFE5-3E9C-4908-8259-8468E1905160}.Debug|Any CPU.Build.0 = Debug|Any CPU
		{9A1CFFE5-3E9C-4908-8259-8468E1905160}.Release|Any CPU.ActiveCfg = Release|Any CPU
		{9A1CFFE5-3E9C-4908-8259-8468E1905160}.Release|Any CPU.Build.0 = Release|Any CPU
		{555BAA76-571A-4DC3-B228-B955CA9542F9}.Debug|Any CPU.ActiveCfg = Debug|Any CPU
		{555BAA76-571A-4DC3-B228-B955CA9542F9}.Debug|Any CPU.Build.0 = Debug|Any CPU
		{555BAA76-571A-4DC3-B228-B955CA9542F9}.Release|Any CPU.ActiveCfg = Release|Any CPU
		{555BAA76-571A-4DC3-B228-B955CA9542F9}.Release|Any CPU.Build.0 = Release|Any CPU
		{013C2B9C-CDAC-4E5D-98E4-B8174FEEEBAD}.Debug|Any CPU.ActiveCfg = Debug|Any CPU
		{013C2B9C-CDAC-4E5D-98E4-B8174FEEEBAD}.Debug|Any CPU.Build.0 = Debug|Any CPU
		{013C2B9C-CDAC-4E5D-98E4-B8174FEEEBAD}.Release|Any CPU.ActiveCfg = Release|Any CPU
		{013C2B9C-CDAC-4E5D-98E4-B8174FEEEBAD}.Release|Any CPU.Build.0 = Release|Any CPU
		{D128E843-F7BF-4664-9316-C57C48154A7C}.Debug|Any CPU.ActiveCfg = Debug|Any CPU
		{D128E843-F7BF-4664-9316-C57C48154A7C}.Debug|Any CPU.Build.0 = Debug|Any CPU
		{D128E843-F7BF-4664-9316-C57C48154A7C}.Release|Any CPU.ActiveCfg = Release|Any CPU
		{D128E843-F7BF-4664-9316-C57C48154A7C}.Release|Any CPU.Build.0 = Release|Any CPU
	EndGlobalSection
	GlobalSection(SolutionProperties) = preSolution
		HideSolutionNode = FALSE
	EndGlobalSection
	GlobalSection(ExtensibilityGlobals) = postSolution
		SolutionGuid = {872C2C70-7866-43AC-BCCA-096812FD3500}
	EndGlobalSection
EndGlobal
